// !$*UTF8*$!
{
	archiveVersion = 1;
	classes = {
	};
	objectVersion = 48;
	objects = {

/* Begin PBXBuildFile section */
		16CC69C420A1604400DAE0BA /* AppDelegate.swift in Sources */ = {isa = PBXBuildFile; fileRef = 16CC69C320A1604400DAE0BA /* AppDelegate.swift */; };
		16CC69C920A1604400DAE0BA /* Main.storyboard in Resources */ = {isa = PBXBuildFile; fileRef = 16CC69C720A1604400DAE0BA /* Main.storyboard */; };
		16CC69CB20A1604400DAE0BA /* Assets.xcassets in Resources */ = {isa = PBXBuildFile; fileRef = 16CC69CA20A1604400DAE0BA /* Assets.xcassets */; };
		16CC69CE20A1604400DAE0BA /* LaunchScreen.storyboard in Resources */ = {isa = PBXBuildFile; fileRef = 16CC69CC20A1604400DAE0BA /* LaunchScreen.storyboard */; };
		16CC69D620A168E000DAE0BA /* SearchTableViewController.swift in Sources */ = {isa = PBXBuildFile; fileRef = 16CC69D520A168E000DAE0BA /* SearchTableViewController.swift */; };
/* End PBXBuildFile section */

/* Begin PBXFileReference section */
		16CC69C020A1604400DAE0BA /* MusicPlayerII.app */ = {isa = PBXFileReference; explicitFileType = wrapper.application; includeInIndex = 0; path = MusicPlayerII.app; sourceTree = BUILT_PRODUCTS_DIR; };
		16CC69C320A1604400DAE0BA /* AppDelegate.swift */ = {isa = PBXFileReference; lastKnownFileType = sourcecode.swift; path = AppDelegate.swift; sourceTree = "<group>"; };
		16CC69C820A1604400DAE0BA /* Base */ = {isa = PBXFileReference; lastKnownFileType = file.storyboard; name = Base; path = Base.lproj/Main.storyboard; sourceTree = "<group>"; };
		16CC69CA20A1604400DAE0BA /* Assets.xcassets */ = {isa = PBXFileReference; lastKnownFileType = folder.assetcatalog; path = Assets.xcassets; sourceTree = "<group>"; };
		16CC69CD20A1604400DAE0BA /* Base */ = {isa = PBXFileReference; lastKnownFileType = file.storyboard; name = Base; path = Base.lproj/LaunchScreen.storyboard; sourceTree = "<group>"; };
		16CC69CF20A1604400DAE0BA /* Info.plist */ = {isa = PBXFileReference; lastKnownFileType = text.plist.xml; path = Info.plist; sourceTree = "<group>"; };
		16CC69D520A168E000DAE0BA /* SearchTableViewController.swift */ = {isa = PBXFileReference; lastKnownFileType = sourcecode.swift; path = SearchTableViewController.swift; sourceTree = "<group>"; };
/* End PBXFileReference section */

/* Begin PBXFrameworksBuildPhase section */
		16CC69BD20A1604400DAE0BA /* Frameworks */ = {
			isa = PBXFrameworksBuildPhase;
			buildActionMask = 2147483647;
			files = (
			);
			runOnlyForDeploymentPostprocessing = 0;
		};
/* End PBXFrameworksBuildPhase section */

/* Begin PBXGroup section */
		16CC69B720A1604400DAE0BA = {
			isa = PBXGroup;
			children = (
				16CC69C220A1604400DAE0BA /* MusicPlayerII */,
				16CC69C120A1604400DAE0BA /* Products */,
			);
			sourceTree = "<group>";
		};
		16CC69C120A1604400DAE0BA /* Products */ = {
			isa = PBXGroup;
			children = (
				16CC69C020A1604400DAE0BA /* MusicPlayerII.app */,
			);
			name = Products;
			sourceTree = "<group>";
		};
		16CC69C220A1604400DAE0BA /* MusicPlayerII */ = {
			isa = PBXGroup;
			children = (
				16CC69C320A1604400DAE0BA /* AppDelegate.swift */,
				16CC69C720A1604400DAE0BA /* Main.storyboard */,
				16CC69D520A168E000DAE0BA /* SearchTableViewController.swift */,
				16CC69CA20A1604400DAE0BA /* Assets.xcassets */,
				16CC69CC20A1604400DAE0BA /* LaunchScreen.storyboard */,
				16CC69CF20A1604400DAE0BA /* Info.plist */,
			);
			path = MusicPlayerII;
			sourceTree = "<group>";
		};
/* End PBXGroup section */

/* Begin PBXNativeTarget section */
		16CC69BF20A1604400DAE0BA /* MusicPlayerII */ = {
			isa = PBXNativeTarget;
			buildConfigurationList = 16CC69D220A1604400DAE0BA /* Build configuration list for PBXNativeTarget "MusicPlayerII" */;
			buildPhases = (
				16CC69BC20A1604400DAE0BA /* Sources */,
				16CC69BD20A1604400DAE0BA /* Frameworks */,
				16CC69BE20A1604400DAE0BA /* Resources */,
			);
			buildRules = (
			);
			dependencies = (
			);
			name = MusicPlayerII;
			productName = MusicPlayerII;
			productReference = 16CC69C020A1604400DAE0BA /* MusicPlayerII.app */;
			productType = "com.apple.product-type.application";
		};
/* End PBXNativeTarget section */

/* Begin PBXProject section */
		16CC69B820A1604400DAE0BA /* Project object */ = {
			isa = PBXProject;
			attributes = {
				LastSwiftUpdateCheck = 0920;
				LastUpgradeCheck = 0920;
				ORGANIZATIONNAME = "Maribel Montejano";
				TargetAttributes = {
					16CC69BF20A1604400DAE0BA = {
						CreatedOnToolsVersion = 9.2;
						ProvisioningStyle = Automatic;
					};
				};
			};
			buildConfigurationList = 16CC69BB20A1604400DAE0BA /* Build configuration list for PBXProject "MusicPlayerII" */;
			compatibilityVersion = "Xcode 8.0";
			developmentRegion = en;
			hasScannedForEncodings = 0;
			knownRegions = (
				en,
				Base,
			);
			mainGroup = 16CC69B720A1604400DAE0BA;
			productRefGroup = 16CC69C120A1604400DAE0BA /* Products */;
			projectDirPath = "";
			projectRoot = "";
			targets = (
				16CC69BF20A1604400DAE0BA /* MusicPlayerII */,
			);
		};
/* End PBXProject section */

/* Begin PBXResourcesBuildPhase section */
		16CC69BE20A1604400DAE0BA /* Resources */ = {
			isa = PBXResourcesBuildPhase;
			buildActionMask = 2147483647;
			files = (
				16CC69CE20A1604400DAE0BA /* LaunchScreen.storyboard in Resources */,
				16CC69CB20A1604400DAE0BA /* Assets.xcassets in Resources */,
				16CC69C920A1604400DAE0BA /* Main.storyboard in Resources */,
			);
			runOnlyForDeploymentPostprocessing = 0;
		};
/* End PBXResourcesBuildPhase section */

/* Begin PBXSourcesBuildPhase section */
		16CC69BC20A1604400DAE0BA /* Sources */ = {
			isa = PBXSourcesBuildPhase;
			buildActionMask = 2147483647;
			files = (
				16CC69C420A1604400DAE0BA /* AppDelegate.swift in Sources */,
				16CC69D620A168E000DAE0BA /* SearchTableViewController.swift in Sources */,
			);
			runOnlyForDeploymentPostprocessing = 0;
		};
/* End PBXSourcesBuildPhase section */

/* Begin PBXVariantGroup section */
		16CC69C720A1604400DAE0BA /* Main.storyboard */ = {
			isa = PBXVariantGroup;
			children = (
				16CC69C820A1604400DAE0BA /* Base */,
			);
			name = Main.storyboard;
			sourceTree = "<group>";
		};
		16CC69CC20A1604400DAE0BA /* LaunchScreen.storyboard */ = {
			isa = PBXVariantGroup;
			children = (
				16CC69CD20A1604400DAE0BA /* Base */,
			);
			name = LaunchScreen.storyboard;
			sourceTree = "<group>";
		};
/* End PBXVariantGroup section */

/* Begin XCBuildConfiguration section */
		16CC69D020A1604400DAE0BA /* Debug */ = {
			isa = XCBuildConfiguration;
			buildSettings = {
				ALWAYS_SEARCH_USER_PATHS = NO;
				CLANG_ANALYZER_NONNULL = YES;
				CLANG_ANALYZER_NUMBER_OBJECT_CONVERSION = YES_AGGRESSIVE;
				CLANG_CXX_LANGUAGE_STANDARD = "gnu++14";
				CLANG_CXX_LIBRARY = "libc++";
				CLANG_ENABLE_MODULES = YES;
				CLANG_ENABLE_OBJC_ARC = YES;
				CLANG_WARN_BLOCK_CAPTURE_AUTORELEASING = YES;
				CLANG_WARN_BOOL_CONVERSION = YES;
				CLANG_WARN_COMMA = YES;
				CLANG_WARN_CONSTANT_CONVERSION = YES;
				CLANG_WARN_DIRECT_OBJC_ISA_USAGE = YES_ERROR;
				CLANG_WARN_DOCUMENTATION_COMMENTS = YES;
				CLANG_WARN_EMPTY_BODY = YES;
				CLANG_WARN_ENUM_CONVERSION = YES;
				CLANG_WARN_INFINITE_RECURSION = YES;
				CLANG_WARN_INT_CONVERSION = YES;
				CLANG_WARN_NON_LITERAL_NULL_CONVERSION = YES;
				CLANG_WARN_OBJC_LITERAL_CONVERSION = YES;
				CLANG_WARN_OBJC_ROOT_CLASS = YES_ERROR;
				CLANG_WARN_RANGE_LOOP_ANALYSIS = YES;
				CLANG_WARN_STRICT_PROTOTYPES = YES;
				CLANG_WARN_SUSPICIOUS_MOVE = YES;
				CLANG_WARN_UNGUARDED_AVAILABILITY = YES_AGGRESSIVE;
				CLANG_WARN_UNREACHABLE_CODE = YES;
				CLANG_WARN__DUPLICATE_METHOD_MATCH = YES;
				CODE_SIGN_IDENTITY = "iPhone Developer";
				COPY_PHASE_STRIP = NO;
				DEBUG_INFORMATION_FORMAT = dwarf;
				ENABLE_STRICT_OBJC_MSGSEND = YES;
				ENABLE_TESTABILITY = YES;
				GCC_C_LANGUAGE_STANDARD = gnu11;
				GCC_DYNAMIC_NO_PIC = NO;
				GCC_NO_COMMON_BLOCKS = YES;
				GCC_OPTIMIZATION_LEVEL = 0;
				GCC_PREPROCESSOR_DEFINITIONS = (
					"DEBUG=1",
					"$(inherited)",
				);
				GCC_WARN_64_TO_32_BIT_CONVERSION = YES;
				GCC_WARN_ABOUT_RETURN_TYPE = YES_ERROR;
				GCC_WARN_UNDECLARED_SELECTOR = YES;
				GCC_WARN_UNINITIALIZED_AUTOS = YES_AGGRESSIVE;
				GCC_WARN_UNUSED_FUNCTION = YES;
				GCC_WARN_UNUSED_VARIABLE = YES;
				IPHONEOS_DEPLOYMENT_TARGET = 11.2;
				MTL_ENABLE_DEBUG_INFO = YES;
				ONLY_ACTIVE_ARCH = YES;
				SDKROOT = iphoneos;
				SWIFT_ACTIVE_COMPILATION_CONDITIONS = DEBUG;
				SWIFT_OPTIMIZATION_LEVEL = "-Onone";
			};
			name = Debug;
		};
		16CC69D120A1604400DAE0BA /* Release */ = {
			isa = XCBuildConfiguration;
			buildSettings = {
				ALWAYS_SEARCH_USER_PATHS = NO;
				CLANG_ANALYZER_NONNULL = YES;
				CLANG_ANALYZER_NUMBER_OBJECT_CONVERSION = YES_AGGRESSIVE;
				CLANG_CXX_LANGUAGE_STANDARD = "gnu++14";
				CLANG_CXX_LIBRARY = "libc++";
				CLANG_ENABLE_MODULES = YES;
				CLANG_ENABLE_OBJC_ARC = YES;
				CLANG_WARN_BLOCK_CAPTURE_AUTORELEASING = YES;
				CLANG_WARN_BOOL_CONVERSION = YES;
				CLANG_WARN_COMMA = YES;
				CLANG_WARN_CONSTANT_CONVERSION = YES;
				CLANG_WARN_DIRECT_OBJC_ISA_USAGE = YES_ERROR;
				CLANG_WARN_DOCUMENTATION_COMMENTS = YES;
				CLANG_WARN_EMPTY_BODY = YES;
				CLANG_WARN_ENUM_CONVERSION = YES;
				CLANG_WARN_INFINITE_RECURSION = YES;
				CLANG_WARN_INT_CONVERSION = YES;
				CLANG_WARN_NON_LITERAL_NULL_CONVERSION = YES;
				CLANG_WARN_OBJC_LITERAL_CONVERSION = YES;
				CLANG_WARN_OBJC_ROOT_CLASS = YES_ERROR;
				CLANG_WARN_RANGE_LOOP_ANALYSIS = YES;
				CLANG_WARN_STRICT_PROTOTYPES = YES;
				CLANG_WARN_SUSPICIOUS_MOVE = YES;
				CLANG_WARN_UNGUARDED_AVAILABILITY = YES_AGGRESSIVE;
				CLANG_WARN_UNREACHABLE_CODE = YES;
				CLANG_WARN__DUPLICATE_METHOD_MATCH = YES;
				CODE_SIGN_IDENTITY = "iPhone Developer";
				COPY_PHASE_STRIP = NO;
				DEBUG_INFORMATION_FORMAT = "dwarf-with-dsym";
				ENABLE_NS_ASSERTIONS = NO;
				ENABLE_STRICT_OBJC_MSGSEND = YES;
				GCC_C_LANGUAGE_STANDARD = gnu11;
				GCC_NO_COMMON_BLOCKS = YES;
				GCC_WARN_64_TO_32_BIT_CONVERSION = YES;
				GCC_WARN_ABOUT_RETURN_TYPE = YES_ERROR;
				GCC_WARN_UNDECLARED_SELECTOR = YES;
				GCC_WARN_UNINITIALIZED_AUTOS = YES_AGGRESSIVE;
				GCC_WARN_UNUSED_FUNCTION = YES;
				GCC_WARN_UNUSED_VARIABLE = YES;
				IPHONEOS_DEPLOYMENT_TARGET = 11.2;
				MTL_ENABLE_DEBUG_INFO = NO;
				SDKROOT = iphoneos;
				SWIFT_OPTIMIZATION_LEVEL = "-Owholemodule";
				VALIDATE_PRODUCT = YES;
			};
			name = Release;
		};
		16CC69D320A1604400DAE0BA /* Debug */ = {
			isa = XCBuildConfiguration;
			buildSettings = {
				ASSETCATALOG_COMPILER_APPICON_NAME = AppIcon;
				CODE_SIGN_STYLE = Automatic;
				DEVELOPMENT_TEAM = UGH37EQ5FB;
				INFOPLIST_FILE = MusicPlayerII/Info.plist;
				LD_RUNPATH_SEARCH_PATHS = "$(inherited) @executable_path/Frameworks";
				PRODUCT_BUNDLE_IDENTIFIER = com.maribelmontejano.MusicPlayerII;
				PRODUCT_NAME = "$(TARGET_NAME)";
				SWIFT_VERSION = 4.0;
				TARGETED_DEVICE_FAMILY = "1,2";
			};
			name = Debug;
		};
		16CC69D420A1604400DAE0BA /* Release */ = {
			isa = XCBuildConfiguration;
			buildSettings = {
				ASSETCATALOG_COMPILER_APPICON_NAME = AppIcon;
				CODE_SIGN_STYLE = Automatic;
				DEVELOPMENT_TEAM = UGH37EQ5FB;
				INFOPLIST_FILE = MusicPlayerII/Info.plist;
				LD_RUNPATH_SEARCH_PATHS = "$(inherited) @executable_path/Frameworks";
				PRODUCT_BUNDLE_IDENTIFIER = com.maribelmontejano.MusicPlayerII;
				PRODUCT_NAME = "$(TARGET_NAME)";
				SWIFT_VERSION = 4.0;
				TARGETED_DEVICE_FAMILY = "1,2";
			};
			name = Release;
		};
/* End XCBuildConfiguration section */

/* Begin XCConfigurationList section */
		16CC69BB20A1604400DAE0BA /* Build configuration list for PBXProject "MusicPlayerII" */ = {
			isa = XCConfigurationList;
			buildConfigurations = (
				16CC69D020A1604400DAE0BA /* Debug */,
				16CC69D120A1604400DAE0BA /* Release */,
			);
			defaultConfigurationIsVisible = 0;
			defaultConfigurationName = Release;
		};
		16CC69D220A1604400DAE0BA /* Build configuration list for PBXNativeTarget "MusicPlayerII" */ = {
			isa = XCConfigurationList;
			buildConfigurations = (
				16CC69D320A1604400DAE0BA /* Debug */,
				16CC69D420A1604400DAE0BA /* Release */,
			);
			defaultConfigurationIsVisible = 0;
			defaultConfigurationName = Release;
		};
/* End XCConfigurationList section */
	};
	rootObject = 16CC69B820A1604400DAE0BA /* Project object */;
}
